{
  "name": "whatsapp-bot",
  "version": "1.0.0",
  "lockfileVersion": 2,
  "requires": true,
  "packages": {
    "": {
      "name": "whatsapp-bot",
      "version": "1.0.0",
      "dependencies": {
        "venom-bot": "^4.1.5"
      }
    },
    "node_modules/venom-bot": {
      "version": "4.1.5",
      "resolved": "https://registry.npmjs.org/venom-bot/-/venom-bot-4.1.5.tgz",
      "integrity": "sha512-wTfQqP1ypfXG/3uU6b4q6/Lr8XzX3B5XX0G+WbkaN+fjsfcnqZKz9VYg71dcYgS8s07r+V9Bwbw0j7kFvN9BvA==",
      "dependencies": {
        "qrcode-terminal": "^0.12.0",
        "puppeteer": "^21.3.8"
      }
    }
  }
}
